
Microsoft Visual Studio Solution File, Format Version 12.00
# Visual Studio 15
VisualStudioVersion = 15.0.28307.1433
MinimumVisualStudioVersion = 10.0.40219.1
Project("{FAE04EC0-301F-11D3-BF4B-00C04F79EFBC}") = "stock", "stock\stock.csproj", "{35E16D0D-B766-4D59-8E11-A2CDCBBD27A1}"
EndProject
Global
	GlobalSection(SolutionConfigurationPlatforms) = preSolution
		Debug|Any CPU = Debug|Any CPU
		Release|Any CPU = Release|Any CPU
	EndGlobalSection
	GlobalSection(ProjectConfigurationPlatforms) = postSolution
		{35E16D0D-B766-4D59-8E11-A2CDCBBD27A1}.Debug|Any CPU.ActiveCfg = Debug|Any CPU
		{35E16D0D-B766-4D59-8E11-A2CDCBBD27A1}.Debug|Any CPU.Build.0 = Debug|Any CPU
		{35E16D0D-B766-4D59-8E11-A2CDCBBD27A1}.Release|Any CPU.ActiveCfg = Release|Any CPU
		{35E16D0D-B766-4D59-8E11-A2CDCBBD27A1}.Release|Any CPU.Build.0 = Release|Any CPU
	EndGlobalSection
	GlobalSection(SolutionProperties) = preSolution
		HideSolutionNode = FALSE
	EndGlobalSection
	GlobalSection(ExtensibilityGlobals) = postSolution
		SolutionGuid = {E905BC59-32FF-41BC-8651-BFEB2E853514}
	EndGlobalSection
EndGlobal
